
Microsoft Visual Studio Solution File, Format Version 12.00
# Visual Studio Version 16
VisualStudioVersion = 16.0.33927.289
MinimumVisualStudioVersion = 10.0.40219.1
Project("{2150E333-8FDC-42A3-9474-1A3956D46DE8}") = "Task0", "Task0", "{48B5C356-D878-4FCC-99DD-345CA6A9DE59}"
EndProject
Project("{FAE04EC0-301F-11D3-BF4B-00C04F79EFBC}") = "Tyuiu.SolovevVG.Sprint0.Task0.V0", "Tyuiu.SolovevVG.Sprint0.Task0.V0\Tyuiu.SolovevVG.Sprint0.Task0.V0.csproj", "{7CBEB1C5-3488-485A-8FC1-20ED3A4E7F05}"
EndProject
Project("{2150E333-8FDC-42A3-9474-1A3956D46DE8}") = "Task1", "Task1", "{3586BC5F-8563-4415-92BB-8C9EB1566B2E}"
EndProject
Project("{FAE04EC0-301F-11D3-BF4B-00C04F79EFBC}") = "Tyuiu.SolovevVG.Sprint0.Task1.V0", "Tyuiu.SolovevVG.Sprint0.Task1.V0\Tyuiu.SolovevVG.Sprint0.Task1.V0.csproj", "{EB177689-E228-4AC4-BA7B-CB472B2CE1BB}"
EndProject
Project("{2150E333-8FDC-42A3-9474-1A3956D46DE8}") = "Task2", "Task2", "{920833A1-2505-463C-861E-777CB767602E}"
EndProject
Project("{FAE04EC0-301F-11D3-BF4B-00C04F79EFBC}") = "Tyuiu.SolovevVG.Sprint0.Task2.V0", "Tyuiu.SolovevVG.Sprint0.Task2.V0\Tyuiu.SolovevVG.Sprint0.Task2.V0.csproj", "{7FAF7B6E-18D6-4789-B928-EFF24E2455FE}"
EndProject
Project("{FAE04EC0-301F-11D3-BF4B-00C04F79EFBC}") = "Tyuiu.SolovevVG.Sprint0.Task2.V0.Lib", "Tyuiu.SolovevVG.Sprint0.Task2.V0.Lib\Tyuiu.SolovevVG.Sprint0.Task2.V0.Lib.csproj", "{0ACEE619-74A6-49D1-B2FD-B349DAEB4746}"
EndProject
Project("{FAE04EC0-301F-11D3-BF4B-00C04F79EFBC}") = "Tyuiu.SolovevVG.Sprint0.Task2.V0.Test", "Tyuiu.SolovevVG.Sprint0.Task2.V0.Test\Tyuiu.SolovevVG.Sprint0.Task2.V0.Test.csproj", "{0E77216A-56B8-4AF5-B19A-AB159339B4EB}"
EndProject
Project("{2150E333-8FDC-42A3-9474-1A3956D46DE8}") = "Task3", "Task3", "{FD27C13C-4270-453D-AFB5-B49EC3A6DE85}"
EndProject
Project("{FAE04EC0-301F-11D3-BF4B-00C04F79EFBC}") = "Tyuiu.SolovevVG.Sprint0.Task3.V0", "Tyuiu.SolovevVG.Sprint0.Task3.V0\Tyuiu.SolovevVG.Sprint0.Task3.V0.csproj", "{C493E2D7-B27D-425D-920E-FE26399EF52E}"
EndProject
Project("{FAE04EC0-301F-11D3-BF4B-00C04F79EFBC}") = "Tyuiu.SolovevVG.Sprint0.Task3.V0.Lib", "Tyuiu.SolovevVG.Sprint0.Task3.V0.Lib\Tyuiu.SolovevVG.Sprint0.Task3.V0.Lib.csproj", "{B0A5CB5A-D10B-4096-80E8-AB94B7A3FCCB}"
EndProject
Project("{FAE04EC0-301F-11D3-BF4B-00C04F79EFBC}") = "Tyuiu.SolovevVG.Sprint0.Task3.V0.Test", "Tyuiu.SolovevVG.Sprint0.Task3.V0.Test\Tyuiu.SolovevVG.Sprint0.Task3.V0.Test.csproj", "{C4656425-26EA-466C-A969-0A796C6423DF}"
EndProject
Project("{2150E333-8FDC-42A3-9474-1A3956D46DE8}") = "Task4", "Task4", "{92FF9D65-90DD-41A5-8731-6D430FFF7F88}"
EndProject
Project("{FAE04EC0-301F-11D3-BF4B-00C04F79EFBC}") = "Tyuiu.SolovevVG.Sprint0.Task4.V0.Test", "Tyuiu.SolovevVG.Sprint0.Task4.V0.Test\Tyuiu.SolovevVG.Sprint0.Task4.V0.Test.csproj", "{030EB206-CB57-4CC7-B0BC-362A552BD2C7}"
EndProject
Project("{FAE04EC0-301F-11D3-BF4B-00C04F79EFBC}") = "Tyuiu.SolovevVG.Sprint0.Task4.V0.Lib", "Tyuiu.SolovevVG.Sprint0.Task4.V0.Lib\Tyuiu.SolovevVG.Sprint0.Task4.V0.Lib.csproj", "{2EDDFC5C-96DC-48C5-9BBC-B54650B11BF9}"
EndProject
Project("{FAE04EC0-301F-11D3-BF4B-00C04F79EFBC}") = "Tyuiu.SolovevVG.Sprint0.Task4.V0", "Tyuiu.SolovevVG.Sprint0.Task4.V0\Tyuiu.SolovevVG.Sprint0.Task4.V0.csproj", "{A8C4E01E-4605-485D-8615-7698CD6F232D}"
EndProject
Project("{2150E333-8FDC-42A3-9474-1A3956D46DE8}") = "Task5", "Task5", "{1D4D0437-E7C1-4980-B8BD-4BFA3EFCB053}"
EndProject
Project("{FAE04EC0-301F-11D3-BF4B-00C04F79EFBC}") = "Tyuiu.SolovevVG.Sprint0.Task5.V0", "Tyuiu.SolovevVG.Sprint0.Task5.V0\Tyuiu.SolovevVG.Sprint0.Task5.V0.csproj", "{8589126F-3B27-4D0D-87B7-CECB60950E92}"
EndProject
Project("{FAE04EC0-301F-11D3-BF4B-00C04F79EFBC}") = "Tyuiu.SolovevVG.Sprint0.Task5.V0.Lib", "Tyuiu.SolovevVG.Sprint0.Task5.V0.Lib\Tyuiu.SolovevVG.Sprint0.Task5.V0.Lib.csproj", "{55951B22-50EF-46CF-B96C-E0783CA8470A}"
EndProject
Project("{FAE04EC0-301F-11D3-BF4B-00C04F79EFBC}") = "Tyuiu.SolovevVG.Sprint0.Task5.V0.Test", "Tyuiu.SolovevVG.Sprint0.Task5.V0.Test\Tyuiu.SolovevVG.Sprint0.Task5.V0.Test.csproj", "{3407A96E-D953-43E5-B416-DDA4B23E0AB5}"
EndProject
Project("{2150E333-8FDC-42A3-9474-1A3956D46DE8}") = "Task6", "Task6", "{81A5C6C3-2F1F-4BBA-AECF-EF7D7353C5C0}"
EndProject
Project("{FAE04EC0-301F-11D3-BF4B-00C04F79EFBC}") = "Tyuiu.SolovevVG.Sprint0.Task6.V0", "Tyuiu.SolovevVG.Sprint0.Task6.V0\Tyuiu.SolovevVG.Sprint0.Task6.V0.csproj", "{A2A53FCC-8134-4113-A920-7090274A5250}"
EndProject
Project("{FAE04EC0-301F-11D3-BF4B-00C04F79EFBC}") = "Tyuiu.SolovevVG.Sprint0.Task6.V0.Test", "Tyuiu.SolovevVG.Sprint0.Task6.V0.Test\Tyuiu.SolovevVG.Sprint0.Task6.V0.Test.csproj", "{29595926-7E63-4C5D-A9CA-FA677E0E6335}"
EndProject
Project("{FAE04EC0-301F-11D3-BF4B-00C04F79EFBC}") = "Tyuiu.SolovevVG.Sprint0.Task6.V0.Lib", "Tyuiu.SolovevVG.Sprint0.Task6.V0.Lib\Tyuiu.SolovevVG.Sprint0.Task6.V0.Lib.csproj", "{F7B97CD4-6B60-4155-ACCF-576D965E1FE2}"
EndProject
Project("{2150E333-8FDC-42A3-9474-1A3956D46DE8}") = "Task7", "Task7", "{290244CA-0836-42EB-B881-6277199FECC7}"
EndProject
Project("{FAE04EC0-301F-11D3-BF4B-00C04F79EFBC}") = "Tyuiu.SolovevVG.Sprint0.Task7.V0", "Tyuiu.SolovevVG.Sprint0.Task7.V0\Tyuiu.SolovevVG.Sprint0.Task7.V0.csproj", "{796A6051-8695-40CA-927C-5A6F02774EA5}"
EndProject
Project("{FAE04EC0-301F-11D3-BF4B-00C04F79EFBC}") = "Tyuiu.SolovevVG.Sprint0.Task7.V0.Lib", "Tyuiu.SolovevVG.Sprint0.Task7.V0.Lib\Tyuiu.SolovevVG.Sprint0.Task7.V0.Lib.csproj", "{CA73AF10-60A3-4057-829A-A817EA82B8CF}"
EndProject
Project("{FAE04EC0-301F-11D3-BF4B-00C04F79EFBC}") = "Tyuiu.SolovevVG.Sprint0.Task7.V0.Test", "Tyuiu.SolovevVG.Sprint0.Task7.V0.Test\Tyuiu.SolovevVG.Sprint0.Task7.V0.Test.csproj", "{7D472794-9D70-49A9-B97E-9316DB35290F}"
EndProject
Global
	GlobalSection(SolutionConfigurationPlatforms) = preSolution
		Debug|Any CPU = Debug|Any CPU
		Release|Any CPU = Release|Any CPU
	EndGlobalSection
	GlobalSection(ProjectConfigurationPlatforms) = postSolution
		{7CBEB1C5-3488-485A-8FC1-20ED3A4E7F05}.Debug|Any CPU.ActiveCfg = Debug|Any CPU
		{7CBEB1C5-3488-485A-8FC1-20ED3A4E7F05}.Debug|Any CPU.Build.0 = Debug|Any CPU
		{7CBEB1C5-3488-485A-8FC1-20ED3A4E7F05}.Release|Any CPU.ActiveCfg = Release|Any CPU
		{7CBEB1C5-3488-485A-8FC1-20ED3A4E7F05}.Release|Any CPU.Build.0 = Release|Any CPU
		{EB177689-E228-4AC4-BA7B-CB472B2CE1BB}.Debug|Any CPU.ActiveCfg = Debug|Any CPU
		{EB177689-E228-4AC4-BA7B-CB472B2CE1BB}.Debug|Any CPU.Build.0 = Debug|Any CPU
		{EB177689-E228-4AC4-BA7B-CB472B2CE1BB}.Release|Any CPU.ActiveCfg = Release|Any CPU
		{EB177689-E228-4AC4-BA7B-CB472B2CE1BB}.Release|Any CPU.Build.0 = Release|Any CPU
		{7FAF7B6E-18D6-4789-B928-EFF24E2455FE}.Debug|Any CPU.ActiveCfg = Debug|Any CPU
		{7FAF7B6E-18D6-4789-B928-EFF24E2455FE}.Debug|Any CPU.Build.0 = Debug|Any CPU
		{7FAF7B6E-18D6-4789-B928-EFF24E2455FE}.Release|Any CPU.ActiveCfg = Release|Any CPU
		{7FAF7B6E-18D6-4789-B928-EFF24E2455FE}.Release|Any CPU.Build.0 = Release|Any CPU
		{0ACEE619-74A6-49D1-B2FD-B349DAEB4746}.Debug|Any CPU.ActiveCfg = Debug|Any CPU
		{0ACEE619-74A6-49D1-B2FD-B349DAEB4746}.Debug|Any CPU.Build.0 = Debug|Any CPU
		{0ACEE619-74A6-49D1-B2FD-B349DAEB4746}.Release|Any CPU.ActiveCfg = Release|Any CPU
		{0ACEE619-74A6-49D1-B2FD-B349DAEB4746}.Release|Any CPU.Build.0 = Release|Any CPU
		{0E77216A-56B8-4AF5-B19A-AB159339B4EB}.Debug|Any CPU.ActiveCfg = Debug|Any CPU
		{0E77216A-56B8-4AF5-B19A-AB159339B4EB}.Debug|Any CPU.Build.0 = Debug|Any CPU
		{0E77216A-56B8-4AF5-B19A-AB159339B4EB}.Release|Any CPU.ActiveCfg = Release|Any CPU
		{0E77216A-56B8-4AF5-B19A-AB159339B4EB}.Release|Any CPU.Build.0 = Release|Any CPU
		{C493E2D7-B27D-425D-920E-FE26399EF52E}.Debug|Any CPU.ActiveCfg = Debug|Any CPU
		{C493E2D7-B27D-425D-920E-FE26399EF52E}.Debug|Any CPU.Build.0 = Debug|Any CPU
		{C493E2D7-B27D-425D-920E-FE26399EF52E}.Release|Any CPU.ActiveCfg = Release|Any CPU
		{C493E2D7-B27D-425D-920E-FE26399EF52E}.Release|Any CPU.Build.0 = Release|Any CPU
		{B0A5CB5A-D10B-4096-80E8-AB94B7A3FCCB}.Debug|Any CPU.ActiveCfg = Debug|Any CPU
		{B0A5CB5A-D10B-4096-80E8-AB94B7A3FCCB}.Debug|Any CPU.Build.0 = Debug|Any CPU
		{B0A5CB5A-D10B-4096-80E8-AB94B7A3FCCB}.Release|Any CPU.ActiveCfg = Release|Any CPU
		{B0A5CB5A-D10B-4096-80E8-AB94B7A3FCCB}.Release|Any CPU.Build.0 = Release|Any CPU
		{C4656425-26EA-466C-A969-0A796C6423DF}.Debug|Any CPU.ActiveCfg = Debug|Any CPU
		{C4656425-26EA-466C-A969-0A796C6423DF}.Debug|Any CPU.Build.0 = Debug|Any CPU
		{C4656425-26EA-466C-A969-0A796C6423DF}.Release|Any CPU.ActiveCfg = Release|Any CPU
		{C4656425-26EA-466C-A969-0A796C6423DF}.Release|Any CPU.Build.0 = Release|Any CPU
		{030EB206-CB57-4CC7-B0BC-362A552BD2C7}.Debug|Any CPU.ActiveCfg = Debug|Any CPU
		{030EB206-CB57-4CC7-B0BC-362A552BD2C7}.Debug|Any CPU.Build.0 = Debug|Any CPU
		{030EB206-CB57-4CC7-B0BC-362A552BD2C7}.Release|Any CPU.ActiveCfg = Release|Any CPU
		{030EB206-CB57-4CC7-B0BC-362A552BD2C7}.Release|Any CPU.Build.0 = Release|Any CPU
		{2EDDFC5C-96DC-48C5-9BBC-B54650B11BF9}.Debug|Any CPU.ActiveCfg = Debug|Any CPU
		{2EDDFC5C-96DC-48C5-9BBC-B54650B11BF9}.Debug|Any CPU.Build.0 = Debug|Any CPU
		{2EDDFC5C-96DC-48C5-9BBC-B54650B11BF9}.Release|Any CPU.ActiveCfg = Release|Any CPU
		{2EDDFC5C-96DC-48C5-9BBC-B54650B11BF9}.Release|Any CPU.Build.0 = Release|Any CPU
		{A8C4E01E-4605-485D-8615-7698CD6F232D}.Debug|Any CPU.ActiveCfg = Debug|Any CPU
		{A8C4E01E-4605-485D-8615-7698CD6F232D}.Debug|Any CPU.Build.0 = Debug|Any CPU
		{A8C4E01E-4605-485D-8615-7698CD6F232D}.Release|Any CPU.ActiveCfg = Release|Any CPU
		{A8C4E01E-4605-485D-8615-7698CD6F232D}.Release|Any CPU.Build.0 = Release|Any CPU
		{8589126F-3B27-4D0D-87B7-CECB60950E92}.Debug|Any CPU.ActiveCfg = Debug|Any CPU
		{8589126F-3B27-4D0D-87B7-CECB60950E92}.Debug|Any CPU.Build.0 = Debug|Any CPU
		{8589126F-3B27-4D0D-87B7-CECB60950E92}.Release|Any CPU.ActiveCfg = Release|Any CPU
		{8589126F-3B27-4D0D-87B7-CECB60950E92}.Release|Any CPU.Build.0 = Release|Any CPU
		{55951B22-50EF-46CF-B96C-E0783CA8470A}.Debug|Any CPU.ActiveCfg = Debug|Any CPU
		{55951B22-50EF-46CF-B96C-E0783CA8470A}.Debug|Any CPU.Build.0 = Debug|Any CPU
		{55951B22-50EF-46CF-B96C-E0783CA8470A}.Release|Any CPU.ActiveCfg = Release|Any CPU
		{55951B22-50EF-46CF-B96C-E0783CA8470A}.Release|Any CPU.Build.0 = Release|Any CPU
		{3407A96E-D953-43E5-B416-DDA4B23E0AB5}.Debug|Any CPU.ActiveCfg = Debug|Any CPU
		{3407A96E-D953-43E5-B416-DDA4B23E0AB5}.Debug|Any CPU.Build.0 = Debug|Any CPU
		{3407A96E-D953-43E5-B416-DDA4B23E0AB5}.Release|Any CPU.ActiveCfg = Release|Any CPU
		{3407A96E-D953-43E5-B416-DDA4B23E0AB5}.Release|Any CPU.Build.0 = Release|Any CPU
		{A2A53FCC-8134-4113-A920-7090274A5250}.Debug|Any CPU.ActiveCfg = Debug|Any CPU
		{A2A53FCC-8134-4113-A920-7090274A5250}.Debug|Any CPU.Build.0 = Debug|Any CPU
		{A2A53FCC-8134-4113-A920-7090274A5250}.Release|Any CPU.ActiveCfg = Release|Any CPU
		{A2A53FCC-8134-4113-A920-7090274A5250}.Release|Any CPU.Build.0 = Release|Any CPU
		{29595926-7E63-4C5D-A9CA-FA677E0E6335}.Debug|Any CPU.ActiveCfg = Debug|Any CPU
		{29595926-7E63-4C5D-A9CA-FA677E0E6335}.Debug|Any CPU.Build.0 = Debug|Any CPU
		{29595926-7E63-4C5D-A9CA-FA677E0E6335}.Release|Any CPU.ActiveCfg = Release|Any CPU
		{29595926-7E63-4C5D-A9CA-FA677E0E6335}.Release|Any CPU.Build.0 = Release|Any CPU
		{F7B97CD4-6B60-4155-ACCF-576D965E1FE2}.Debug|Any CPU.ActiveCfg = Debug|Any CPU
		{F7B97CD4-6B60-4155-ACCF-576D965E1FE2}.Debug|Any CPU.Build.0 = Debug|Any CPU
		{F7B97CD4-6B60-4155-ACCF-576D965E1FE2}.Release|Any CPU.ActiveCfg = Release|Any CPU
		{F7B97CD4-6B60-4155-ACCF-576D965E1FE2}.Release|Any CPU.Build.0 = Release|Any CPU
		{796A6051-8695-40CA-927C-5A6F02774EA5}.Debug|Any CPU.ActiveCfg = Debug|Any CPU
		{796A6051-8695-40CA-927C-5A6F02774EA5}.Debug|Any CPU.Build.0 = Debug|Any CPU
		{796A6051-8695-40CA-927C-5A6F02774EA5}.Release|Any CPU.ActiveCfg = Release|Any CPU
		{796A6051-8695-40CA-927C-5A6F02774EA5}.Release|Any CPU.Build.0 = Release|Any CPU
		{CA73AF10-60A3-4057-829A-A817EA82B8CF}.Debug|Any CPU.ActiveCfg = Debug|Any CPU
		{CA73AF10-60A3-4057-829A-A817EA82B8CF}.Debug|Any CPU.Build.0 = Debug|Any CPU
		{CA73AF10-60A3-4057-829A-A817EA82B8CF}.Release|Any CPU.ActiveCfg = Release|Any CPU
		{CA73AF10-60A3-4057-829A-A817EA82B8CF}.Release|Any CPU.Build.0 = Release|Any CPU
		{7D472794-9D70-49A9-B97E-9316DB35290F}.Debug|Any CPU.ActiveCfg = Debug|Any CPU
		{7D472794-9D70-49A9-B97E-9316DB35290F}.Debug|Any CPU.Build.0 = Debug|Any CPU
		{7D472794-9D70-49A9-B97E-9316DB35290F}.Release|Any CPU.ActiveCfg = Release|Any CPU
		{7D472794-9D70-49A9-B97E-9316DB35290F}.Release|Any CPU.Build.0 = Release|Any CPU
	EndGlobalSection
	GlobalSection(SolutionProperties) = preSolution
		HideSolutionNode = FALSE
	EndGlobalSection
	GlobalSection(NestedProjects) = preSolution
		{7CBEB1C5-3488-485A-8FC1-20ED3A4E7F05} = {48B5C356-D878-4FCC-99DD-345CA6A9DE59}
		{EB177689-E228-4AC4-BA7B-CB472B2CE1BB} = {3586BC5F-8563-4415-92BB-8C9EB1566B2E}
		{7FAF7B6E-18D6-4789-B928-EFF24E2455FE} = {920833A1-2505-463C-861E-777CB767602E}
		{0ACEE619-74A6-49D1-B2FD-B349DAEB4746} = {920833A1-2505-463C-861E-777CB767602E}
		{0E77216A-56B8-4AF5-B19A-AB159339B4EB} = {920833A1-2505-463C-861E-777CB767602E}
		{C493E2D7-B27D-425D-920E-FE26399EF52E} = {FD27C13C-4270-453D-AFB5-B49EC3A6DE85}
		{B0A5CB5A-D10B-4096-80E8-AB94B7A3FCCB} = {FD27C13C-4270-453D-AFB5-B49EC3A6DE85}
		{C4656425-26EA-466C-A969-0A796C6423DF} = {FD27C13C-4270-453D-AFB5-B49EC3A6DE85}
		{030EB206-CB57-4CC7-B0BC-362A552BD2C7} = {92FF9D65-90DD-41A5-8731-6D430FFF7F88}
		{2EDDFC5C-96DC-48C5-9BBC-B54650B11BF9} = {92FF9D65-90DD-41A5-8731-6D430FFF7F88}
		{A8C4E01E-4605-485D-8615-7698CD6F232D} = {92FF9D65-90DD-41A5-8731-6D430FFF7F88}
		{8589126F-3B27-4D0D-87B7-CECB60950E92} = {1D4D0437-E7C1-4980-B8BD-4BFA3EFCB053}
		{55951B22-50EF-46CF-B96C-E0783CA8470A} = {1D4D0437-E7C1-4980-B8BD-4BFA3EFCB053}
		{3407A96E-D953-43E5-B416-DDA4B23E0AB5} = {1D4D0437-E7C1-4980-B8BD-4BFA3EFCB053}
		{A2A53FCC-8134-4113-A920-7090274A5250} = {81A5C6C3-2F1F-4BBA-AECF-EF7D7353C5C0}
		{29595926-7E63-4C5D-A9CA-FA677E0E6335} = {81A5C6C3-2F1F-4BBA-AECF-EF7D7353C5C0}
		{F7B97CD4-6B60-4155-ACCF-576D965E1FE2} = {81A5C6C3-2F1F-4BBA-AECF-EF7D7353C5C0}
		{796A6051-8695-40CA-927C-5A6F02774EA5} = {290244CA-0836-42EB-B881-6277199FECC7}
		{CA73AF10-60A3-4057-829A-A817EA82B8CF} = {290244CA-0836-42EB-B881-6277199FECC7}
		{7D472794-9D70-49A9-B97E-9316DB35290F} = {290244CA-0836-42EB-B881-6277199FECC7}
	EndGlobalSection
	GlobalSection(ExtensibilityGlobals) = postSolution
		SolutionGuid = {295A13F2-71E0-4C1E-8DD6-94866F2A5F6E}
	EndGlobalSection
EndGlobal
