
Microsoft Visual Studio Solution File, Format Version 12.00
# Visual Studio Version 16
VisualStudioVersion = 16.0.33927.289
MinimumVisualStudioVersion = 10.0.40219.1
Project("{2150E333-8FDC-42A3-9474-1A3956D46DE8}") = "Task0", "Task0", "{48B5C356-D878-4FCC-99DD-345CA6A9DE59}"
EndProject
Project("{FAE04EC0-301F-11D3-BF4B-00C04F79EFBC}") = "Tyuiu.SolovevVG.Sprint0.Task0.V0", "Tyuiu.SolovevVG.Sprint0.Task0.V0\Tyuiu.SolovevVG.Sprint0.Task0.V0.csproj", "{7CBEB1C5-3488-485A-8FC1-20ED3A4E7F05}"
EndProject
Project("{2150E333-8FDC-42A3-9474-1A3956D46DE8}") = "Task1", "Task1", "{3586BC5F-8563-4415-92BB-8C9EB1566B2E}"
EndProject
Project("{FAE04EC0-301F-11D3-BF4B-00C04F79EFBC}") = "Tyuiu.SolovevVG.Sprint0.Task1.V0", "Tyuiu.SolovevVG.Sprint0.Task1.V0\Tyuiu.SolovevVG.Sprint0.Task1.V0.csproj", "{EB177689-E228-4AC4-BA7B-CB472B2CE1BB}"
EndProject
Project("{2150E333-8FDC-42A3-9474-1A3956D46DE8}") = "Task2", "Task2", "{920833A1-2505-463C-861E-777CB767602E}"
EndProject
Project("{FAE04EC0-301F-11D3-BF4B-00C04F79EFBC}") = "Tyuiu.SolovevVG.Sprint0.Task2.V0", "Tyuiu.SolovevVG.Sprint0.Task2.V0\Tyuiu.SolovevVG.Sprint0.Task2.V0.csproj", "{7FAF7B6E-18D6-4789-B928-EFF24E2455FE}"
EndProject
Project("{FAE04EC0-301F-11D3-BF4B-00C04F79EFBC}") = "Tyuiu.SolovevVG.Sprint0.Task2.V0.Lib", "Tyuiu.SolovevVG.Sprint0.Task2.V0.Lib\Tyuiu.SolovevVG.Sprint0.Task2.V0.Lib.csproj", "{0ACEE619-74A6-49D1-B2FD-B349DAEB4746}"
EndProject
Project("{FAE04EC0-301F-11D3-BF4B-00C04F79EFBC}") = "Tyuiu.SolovevVG.Sprint0.Task2.V0.Test", "Tyuiu.SolovevVG.Sprint0.Task2.V0.Test\Tyuiu.SolovevVG.Sprint0.Task2.V0.Test.csproj", "{0E77216A-56B8-4AF5-B19A-AB159339B4EB}"
EndProject
Project("{2150E333-8FDC-42A3-9474-1A3956D46DE8}") = "Task3", "Task3", "{FD27C13C-4270-453D-AFB5-B49EC3A6DE85}"
EndProject
Project("{FAE04EC0-301F-11D3-BF4B-00C04F79EFBC}") = "Tyuiu.SolovevVG.Sprint0.Task3.V0", "Tyuiu.SolovevVG.Sprint0.Task3.V0\Tyuiu.SolovevVG.Sprint0.Task3.V0.csproj", "{C493E2D7-B27D-425D-920E-FE26399EF52E}"
EndProject
Project("{FAE04EC0-301F-11D3-BF4B-00C04F79EFBC}") = "Tyuiu.SolovevVG.Sprint0.Task3.V0.Lib", "Tyuiu.SolovevVG.Sprint0.Task3.V0.Lib\Tyuiu.SolovevVG.Sprint0.Task3.V0.Lib.csproj", "{B0A5CB5A-D10B-4096-80E8-AB94B7A3FCCB}"
EndProject
Project("{FAE04EC0-301F-11D3-BF4B-00C04F79EFBC}") = "Tyuiu.SolovevVG.Sprint0.Task3.V0.Test", "Tyuiu.SolovevVG.Sprint0.Task3.V0.Test\Tyuiu.SolovevVG.Sprint0.Task3.V0.Test.csproj", "{C4656425-26EA-466C-A969-0A796C6423DF}"
EndProject
Global
	GlobalSection(SolutionConfigurationPlatforms) = preSolution
		Debug|Any CPU = Debug|Any CPU
		Release|Any CPU = Release|Any CPU
	EndGlobalSection
	GlobalSection(ProjectConfigurationPlatforms) = postSolution
		{7CBEB1C5-3488-485A-8FC1-20ED3A4E7F05}.Debug|Any CPU.ActiveCfg = Debug|Any CPU
		{7CBEB1C5-3488-485A-8FC1-20ED3A4E7F05}.Debug|Any CPU.Build.0 = Debug|Any CPU
		{7CBEB1C5-3488-485A-8FC1-20ED3A4E7F05}.Release|Any CPU.ActiveCfg = Release|Any CPU
		{7CBEB1C5-3488-485A-8FC1-20ED3A4E7F05}.Release|Any CPU.Build.0 = Release|Any CPU
		{EB177689-E228-4AC4-BA7B-CB472B2CE1BB}.Debug|Any CPU.ActiveCfg = Debug|Any CPU
		{EB177689-E228-4AC4-BA7B-CB472B2CE1BB}.Debug|Any CPU.Build.0 = Debug|Any CPU
		{EB177689-E228-4AC4-BA7B-CB472B2CE1BB}.Release|Any CPU.ActiveCfg = Release|Any CPU
		{EB177689-E228-4AC4-BA7B-CB472B2CE1BB}.Release|Any CPU.Build.0 = Release|Any CPU
		{7FAF7B6E-18D6-4789-B928-EFF24E2455FE}.Debug|Any CPU.ActiveCfg = Debug|Any CPU
		{7FAF7B6E-18D6-4789-B928-EFF24E2455FE}.Debug|Any CPU.Build.0 = Debug|Any CPU
		{7FAF7B6E-18D6-4789-B928-EFF24E2455FE}.Release|Any CPU.ActiveCfg = Release|Any CPU
		{7FAF7B6E-18D6-4789-B928-EFF24E2455FE}.Release|Any CPU.Build.0 = Release|Any CPU
		{0ACEE619-74A6-49D1-B2FD-B349DAEB4746}.Debug|Any CPU.ActiveCfg = Debug|Any CPU
		{0ACEE619-74A6-49D1-B2FD-B349DAEB4746}.Debug|Any CPU.Build.0 = Debug|Any CPU
		{0ACEE619-74A6-49D1-B2FD-B349DAEB4746}.Release|Any CPU.ActiveCfg = Release|Any CPU
		{0ACEE619-74A6-49D1-B2FD-B349DAEB4746}.Release|Any CPU.Build.0 = Release|Any CPU
		{0E77216A-56B8-4AF5-B19A-AB159339B4EB}.Debug|Any CPU.ActiveCfg = Debug|Any CPU
		{0E77216A-56B8-4AF5-B19A-AB159339B4EB}.Debug|Any CPU.Build.0 = Debug|Any CPU
		{0E77216A-56B8-4AF5-B19A-AB159339B4EB}.Release|Any CPU.ActiveCfg = Release|Any CPU
		{0E77216A-56B8-4AF5-B19A-AB159339B4EB}.Release|Any CPU.Build.0 = Release|Any CPU
		{C493E2D7-B27D-425D-920E-FE26399EF52E}.Debug|Any CPU.ActiveCfg = Debug|Any CPU
		{C493E2D7-B27D-425D-920E-FE26399EF52E}.Debug|Any CPU.Build.0 = Debug|Any CPU
		{C493E2D7-B27D-425D-920E-FE26399EF52E}.Release|Any CPU.ActiveCfg = Release|Any CPU
		{C493E2D7-B27D-425D-920E-FE26399EF52E}.Release|Any CPU.Build.0 = Release|Any CPU
		{B0A5CB5A-D10B-4096-80E8-AB94B7A3FCCB}.Debug|Any CPU.ActiveCfg = Debug|Any CPU
		{B0A5CB5A-D10B-4096-80E8-AB94B7A3FCCB}.Debug|Any CPU.Build.0 = Debug|Any CPU
		{B0A5CB5A-D10B-4096-80E8-AB94B7A3FCCB}.Release|Any CPU.ActiveCfg = Release|Any CPU
		{B0A5CB5A-D10B-4096-80E8-AB94B7A3FCCB}.Release|Any CPU.Build.0 = Release|Any CPU
		{C4656425-26EA-466C-A969-0A796C6423DF}.Debug|Any CPU.ActiveCfg = Debug|Any CPU
		{C4656425-26EA-466C-A969-0A796C6423DF}.Debug|Any CPU.Build.0 = Debug|Any CPU
		{C4656425-26EA-466C-A969-0A796C6423DF}.Release|Any CPU.ActiveCfg = Release|Any CPU
		{C4656425-26EA-466C-A969-0A796C6423DF}.Release|Any CPU.Build.0 = Release|Any CPU
	EndGlobalSection
	GlobalSection(SolutionProperties) = preSolution
		HideSolutionNode = FALSE
	EndGlobalSection
	GlobalSection(NestedProjects) = preSolution
		{7CBEB1C5-3488-485A-8FC1-20ED3A4E7F05} = {48B5C356-D878-4FCC-99DD-345CA6A9DE59}
		{EB177689-E228-4AC4-BA7B-CB472B2CE1BB} = {3586BC5F-8563-4415-92BB-8C9EB1566B2E}
		{7FAF7B6E-18D6-4789-B928-EFF24E2455FE} = {920833A1-2505-463C-861E-777CB767602E}
		{0ACEE619-74A6-49D1-B2FD-B349DAEB4746} = {920833A1-2505-463C-861E-777CB767602E}
		{0E77216A-56B8-4AF5-B19A-AB159339B4EB} = {920833A1-2505-463C-861E-777CB767602E}
		{C493E2D7-B27D-425D-920E-FE26399EF52E} = {FD27C13C-4270-453D-AFB5-B49EC3A6DE85}
		{B0A5CB5A-D10B-4096-80E8-AB94B7A3FCCB} = {FD27C13C-4270-453D-AFB5-B49EC3A6DE85}
		{C4656425-26EA-466C-A969-0A796C6423DF} = {FD27C13C-4270-453D-AFB5-B49EC3A6DE85}
	EndGlobalSection
	GlobalSection(ExtensibilityGlobals) = postSolution
		SolutionGuid = {295A13F2-71E0-4C1E-8DD6-94866F2A5F6E}
	EndGlobalSection
EndGlobal
